{
  "version": 4,
  "terraform_version": "0.14.8",
  "serial": 5,
  "lineage": "61a17e92-9916-6779-a410-b66a9a3410fa",
  "outputs": {},
  "resources": [
    {
      "module": "module.dynamoDb",
      "mode": "managed",
      "type": "aws_dynamodb_table",
      "name": "entity",
      "provider": "provider[\"registry.terraform.io/hashicorp/aws\"]",
      "instances": [
        {
          "schema_version": 1,
          "attributes": {
            "arn": "arn:aws:dynamodb:us-east-1:242707159928:table/entity",
            "attribute": [
              {
                "name": "EntityId",
                "type": "S"
              },
              {
                "name": "EntityType",
                "type": "S"
              }
            ],
            "billing_mode": "PROVISIONED",
            "global_secondary_index": [],
            "hash_key": "EntityId",
            "id": "entity",
            "local_secondary_index": [],
            "name": "entity",
            "point_in_time_recovery": [
              {
                "enabled": false
              }
            ],
            "range_key": "EntityType",
            "read_capacity": 1,
            "replica": [],
            "server_side_encryption": [],
            "stream_arn": "",
            "stream_enabled": false,
            "stream_label": "",
            "stream_view_type": "",
            "tags": {
              "Environment": "dev",
              "Name": "entity"
            },
            "timeouts": null,
            "ttl": [
              {
                "attribute_name": "",
                "enabled": false
              }
            ],
            "write_capacity": 1
          },
          "sensitive_attributes": [],
          "private": "eyJlMmJmYjczMC1lY2FhLTExZTYtOGY4OC0zNDM2M2JjN2M0YzAiOnsiY3JlYXRlIjo2MDAwMDAwMDAwMDAsImRlbGV0ZSI6NjAwMDAwMDAwMDAwLCJ1cGRhdGUiOjM2MDAwMDAwMDAwMDB9LCJzY2hlbWFfdmVyc2lvbiI6IjEifQ=="
        }
      ]
    }
  ]
}
